
Microsoft Visual Studio Solution File, Format Version 12.00
# Visual Studio Version 16
VisualStudioVersion = 16.0.31025.194
MinimumVisualStudioVersion = 10.0.40219.1
Project("{FAE04EC0-301F-11D3-BF4B-00C04F79EFBC}") = "JokesWebApp", "JokesWebApp\JokesWebApp.csproj", "{DFCCB583-4FA7-4F75-9F65-C6D8C45B7A7D}"
EndProject
Global
	GlobalSection(SolutionConfigurationPlatforms) = preSolution
		Debug|Any CPU = Debug|Any CPU
		Release|Any CPU = Release|Any CPU
	EndGlobalSection
	GlobalSection(ProjectConfigurationPlatforms) = postSolution
		{DFCCB583-4FA7-4F75-9F65-C6D8C45B7A7D}.Debug|Any CPU.ActiveCfg = Debug|Any CPU
		{DFCCB583-4FA7-4F75-9F65-C6D8C45B7A7D}.Debug|Any CPU.Build.0 = Debug|Any CPU
		{DFCCB583-4FA7-4F75-9F65-C6D8C45B7A7D}.Release|Any CPU.ActiveCfg = Release|Any CPU
		{DFCCB583-4FA7-4F75-9F65-C6D8C45B7A7D}.Release|Any CPU.Build.0 = Release|Any CPU
	EndGlobalSection
	GlobalSection(SolutionProperties) = preSolution
		HideSolutionNode = FALSE
	EndGlobalSection
	GlobalSection(ExtensibilityGlobals) = postSolution
		SolutionGuid = {FFFFA074-D682-40EB-8396-0B404D88C821}
	EndGlobalSection
EndGlobal
